
Microsoft Visual Studio Solution File, Format Version 11.00
# Visual Studio 2010
Project("{FAE04EC0-301F-11D3-BF4B-00C04F79EFBC}") = "StyleDemo", "StyleDemo\StyleDemo.csproj", "{7B692533-4E77-441D-ACDC-4638F6DD89FE}"
EndProject
Project("{FAE04EC0-301F-11D3-BF4B-00C04F79EFBC}") = "Roland Style Reader", "Roland Style Reader\Roland Style Reader\Roland Style Reader.csproj", "{58F2F63A-52FB-45A5-B610-06C9CF154919}"
EndProject
Project("{FAE04EC0-301F-11D3-BF4B-00C04F79EFBC}") = "ArrangerDemo", "ArrangerDemo\ArrangerDemo.csproj", "{536C70DF-C440-43F9-B5AC-742A4F222573}"
EndProject
Global
	GlobalSection(SolutionConfigurationPlatforms) = preSolution
		Debug|Any CPU = Debug|Any CPU
		Debug|Mixed Platforms = Debug|Mixed Platforms
		Debug|x86 = Debug|x86
		Release|Any CPU = Release|Any CPU
		Release|Mixed Platforms = Release|Mixed Platforms
		Release|x86 = Release|x86
	EndGlobalSection
	GlobalSection(ProjectConfigurationPlatforms) = postSolution
		{7B692533-4E77-441D-ACDC-4638F6DD89FE}.Debug|Any CPU.ActiveCfg = Debug|x86
		{7B692533-4E77-441D-ACDC-4638F6DD89FE}.Debug|Mixed Platforms.ActiveCfg = Debug|x86
		{7B692533-4E77-441D-ACDC-4638F6DD89FE}.Debug|Mixed Platforms.Build.0 = Debug|x86
		{7B692533-4E77-441D-ACDC-4638F6DD89FE}.Debug|x86.ActiveCfg = Debug|x86
		{7B692533-4E77-441D-ACDC-4638F6DD89FE}.Debug|x86.Build.0 = Debug|x86
		{7B692533-4E77-441D-ACDC-4638F6DD89FE}.Release|Any CPU.ActiveCfg = Release|x86
		{7B692533-4E77-441D-ACDC-4638F6DD89FE}.Release|Mixed Platforms.ActiveCfg = Release|x86
		{7B692533-4E77-441D-ACDC-4638F6DD89FE}.Release|Mixed Platforms.Build.0 = Release|x86
		{7B692533-4E77-441D-ACDC-4638F6DD89FE}.Release|x86.ActiveCfg = Release|x86
		{7B692533-4E77-441D-ACDC-4638F6DD89FE}.Release|x86.Build.0 = Release|x86
		{58F2F63A-52FB-45A5-B610-06C9CF154919}.Debug|Any CPU.ActiveCfg = Debug|Any CPU
		{58F2F63A-52FB-45A5-B610-06C9CF154919}.Debug|Any CPU.Build.0 = Debug|Any CPU
		{58F2F63A-52FB-45A5-B610-06C9CF154919}.Debug|Mixed Platforms.ActiveCfg = Debug|Any CPU
		{58F2F63A-52FB-45A5-B610-06C9CF154919}.Debug|Mixed Platforms.Build.0 = Debug|Any CPU
		{58F2F63A-52FB-45A5-B610-06C9CF154919}.Debug|x86.ActiveCfg = Debug|Any CPU
		{58F2F63A-52FB-45A5-B610-06C9CF154919}.Release|Any CPU.ActiveCfg = Release|Any CPU
		{58F2F63A-52FB-45A5-B610-06C9CF154919}.Release|Any CPU.Build.0 = Release|Any CPU
		{58F2F63A-52FB-45A5-B610-06C9CF154919}.Release|Mixed Platforms.ActiveCfg = Release|Any CPU
		{58F2F63A-52FB-45A5-B610-06C9CF154919}.Release|Mixed Platforms.Build.0 = Release|Any CPU
		{58F2F63A-52FB-45A5-B610-06C9CF154919}.Release|x86.ActiveCfg = Release|Any CPU
		{536C70DF-C440-43F9-B5AC-742A4F222573}.Debug|Any CPU.ActiveCfg = Debug|x86
		{536C70DF-C440-43F9-B5AC-742A4F222573}.Debug|Mixed Platforms.ActiveCfg = Debug|x86
		{536C70DF-C440-43F9-B5AC-742A4F222573}.Debug|Mixed Platforms.Build.0 = Debug|x86
		{536C70DF-C440-43F9-B5AC-742A4F222573}.Debug|x86.ActiveCfg = Debug|x86
		{536C70DF-C440-43F9-B5AC-742A4F222573}.Debug|x86.Build.0 = Debug|x86
		{536C70DF-C440-43F9-B5AC-742A4F222573}.Release|Any CPU.ActiveCfg = Release|x86
		{536C70DF-C440-43F9-B5AC-742A4F222573}.Release|Mixed Platforms.ActiveCfg = Release|x86
		{536C70DF-C440-43F9-B5AC-742A4F222573}.Release|Mixed Platforms.Build.0 = Release|x86
		{536C70DF-C440-43F9-B5AC-742A4F222573}.Release|x86.ActiveCfg = Release|x86
		{536C70DF-C440-43F9-B5AC-742A4F222573}.Release|x86.Build.0 = Release|x86
	EndGlobalSection
	GlobalSection(SolutionProperties) = preSolution
		HideSolutionNode = FALSE
	EndGlobalSection
EndGlobal
